
Microsoft Visual Studio Solution File, Format Version 12.00
# Visual Studio 15
VisualStudioVersion = 15.0.26228.9
MinimumVisualStudioVersion = 10.0.40219.1
Project("{FAE04EC0-301F-11D3-BF4B-00C04F79EFBC}") = "UnitTests.Android", "UnitTests.Android\UnitTests.Android.csproj", "{B918C014-4EBA-45AA-A3C4-7A277ABDF82A}"
EndProject
Project("{FAE04EC0-301F-11D3-BF4B-00C04F79EFBC}") = "UnitTests.UWP", "UnitTests.UWP\UnitTests.UWP.csproj", "{679F0FBB-44D7-4792-AB5B-C53075D806BA}"
EndProject
Project("{FAE04EC0-301F-11D3-BF4B-00C04F79EFBC}") = "MyPCL", "MyPCL\MyPCL.csproj", "{54282DA5-DB3E-4917-8061-DDD8A0A2ABDE}"
EndProject
Project("{2150E333-8FDC-42A3-9474-1A3956D46DE8}") = "SUT", "SUT", "{148A66C7-1A83-49F5-B134-6E375666D1DC}"
EndProject
Project("{D954291E-2A0B-460D-934E-DC6B0785DB48}") = "UnitTests.Shared", "UnitTests.Shared\UnitTests.Shared.shproj", "{BFC9B10E-1E0F-4BB2-972C-4754C7BA3731}"
EndProject
Project("{FAE04EC0-301F-11D3-BF4B-00C04F79EFBC}") = "UnitTests.iOS", "UnitTests.iOS\UnitTests.iOS.csproj", "{F3E54A5A-7815-4EC7-BC26-FA2E3DB78652}"
EndProject
Global
	GlobalSection(SharedMSBuildProjectFiles) = preSolution
		UnitTests.Shared\UnitTests.Shared.projitems*{679f0fbb-44d7-4792-ab5b-c53075d806ba}*SharedItemsImports = 4
		UnitTests.Shared\UnitTests.Shared.projitems*{b918c014-4eba-45aa-a3c4-7a277abdf82a}*SharedItemsImports = 4
		UnitTests.Shared\UnitTests.Shared.projitems*{bfc9b10e-1e0f-4bb2-972c-4754c7ba3731}*SharedItemsImports = 13
		UnitTests.Shared\UnitTests.Shared.projitems*{f3e54a5a-7815-4ec7-bc26-fa2e3db78652}*SharedItemsImports = 4
	EndGlobalSection
	GlobalSection(SolutionConfigurationPlatforms) = preSolution
		Ad-Hoc|Any CPU = Ad-Hoc|Any CPU
		Ad-Hoc|ARM = Ad-Hoc|ARM
		Ad-Hoc|iPhone = Ad-Hoc|iPhone
		Ad-Hoc|iPhoneSimulator = Ad-Hoc|iPhoneSimulator
		Ad-Hoc|x64 = Ad-Hoc|x64
		Ad-Hoc|x86 = Ad-Hoc|x86
		AppStore|Any CPU = AppStore|Any CPU
		AppStore|ARM = AppStore|ARM
		AppStore|iPhone = AppStore|iPhone
		AppStore|iPhoneSimulator = AppStore|iPhoneSimulator
		AppStore|x64 = AppStore|x64
		AppStore|x86 = AppStore|x86
		Debug|Any CPU = Debug|Any CPU
		Debug|ARM = Debug|ARM
		Debug|iPhone = Debug|iPhone
		Debug|iPhoneSimulator = Debug|iPhoneSimulator
		Debug|x64 = Debug|x64
		Debug|x86 = Debug|x86
		Release|Any CPU = Release|Any CPU
		Release|ARM = Release|ARM
		Release|iPhone = Release|iPhone
		Release|iPhoneSimulator = Release|iPhoneSimulator
		Release|x64 = Release|x64
		Release|x86 = Release|x86
	EndGlobalSection
	GlobalSection(ProjectConfigurationPlatforms) = postSolution
		{B918C014-4EBA-45AA-A3C4-7A277ABDF82A}.Ad-Hoc|Any CPU.ActiveCfg = Release|Any CPU
		{B918C014-4EBA-45AA-A3C4-7A277ABDF82A}.Ad-Hoc|Any CPU.Build.0 = Release|Any CPU
		{B918C014-4EBA-45AA-A3C4-7A277ABDF82A}.Ad-Hoc|Any CPU.Deploy.0 = Release|Any CPU
		{B918C014-4EBA-45AA-A3C4-7A277ABDF82A}.Ad-Hoc|ARM.ActiveCfg = Release|Any CPU
		{B918C014-4EBA-45AA-A3C4-7A277ABDF82A}.Ad-Hoc|ARM.Build.0 = Release|Any CPU
		{B918C014-4EBA-45AA-A3C4-7A277ABDF82A}.Ad-Hoc|ARM.Deploy.0 = Release|Any CPU
		{B918C014-4EBA-45AA-A3C4-7A277ABDF82A}.Ad-Hoc|iPhone.ActiveCfg = Release|Any CPU
		{B918C014-4EBA-45AA-A3C4-7A277ABDF82A}.Ad-Hoc|iPhone.Build.0 = Release|Any CPU
		{B918C014-4EBA-45AA-A3C4-7A277ABDF82A}.Ad-Hoc|iPhone.Deploy.0 = Release|Any CPU
		{B918C014-4EBA-45AA-A3C4-7A277ABDF82A}.Ad-Hoc|iPhoneSimulator.ActiveCfg = Release|Any CPU
		{B918C014-4EBA-45AA-A3C4-7A277ABDF82A}.Ad-Hoc|iPhoneSimulator.Build.0 = Release|Any CPU
		{B918C014-4EBA-45AA-A3C4-7A277ABDF82A}.Ad-Hoc|iPhoneSimulator.Deploy.0 = Release|Any CPU
		{B918C014-4EBA-45AA-A3C4-7A277ABDF82A}.Ad-Hoc|x64.ActiveCfg = Release|Any CPU
		{B918C014-4EBA-45AA-A3C4-7A277ABDF82A}.Ad-Hoc|x64.Build.0 = Release|Any CPU
		{B918C014-4EBA-45AA-A3C4-7A277ABDF82A}.Ad-Hoc|x64.Deploy.0 = Release|Any CPU
		{B918C014-4EBA-45AA-A3C4-7A277ABDF82A}.Ad-Hoc|x86.ActiveCfg = Release|Any CPU
		{B918C014-4EBA-45AA-A3C4-7A277ABDF82A}.Ad-Hoc|x86.Build.0 = Release|Any CPU
		{B918C014-4EBA-45AA-A3C4-7A277ABDF82A}.Ad-Hoc|x86.Deploy.0 = Release|Any CPU
		{B918C014-4EBA-45AA-A3C4-7A277ABDF82A}.AppStore|Any CPU.ActiveCfg = Release|Any CPU
		{B918C014-4EBA-45AA-A3C4-7A277ABDF82A}.AppStore|Any CPU.Build.0 = Release|Any CPU
		{B918C014-4EBA-45AA-A3C4-7A277ABDF82A}.AppStore|Any CPU.Deploy.0 = Release|Any CPU
		{B918C014-4EBA-45AA-A3C4-7A277ABDF82A}.AppStore|ARM.ActiveCfg = Release|Any CPU
		{B918C014-4EBA-45AA-A3C4-7A277ABDF82A}.AppStore|ARM.Build.0 = Release|Any CPU
		{B918C014-4EBA-45AA-A3C4-7A277ABDF82A}.AppStore|ARM.Deploy.0 = Release|Any CPU
		{B918C014-4EBA-45AA-A3C4-7A277ABDF82A}.AppStore|iPhone.ActiveCfg = Release|Any CPU
		{B918C014-4EBA-45AA-A3C4-7A277ABDF82A}.AppStore|iPhone.Build.0 = Release|Any CPU
		{B918C014-4EBA-45AA-A3C4-7A277ABDF82A}.AppStore|iPhone.Deploy.0 = Release|Any CPU
		{B918C014-4EBA-45AA-A3C4-7A277ABDF82A}.AppStore|iPhoneSimulator.ActiveCfg = Release|Any CPU
		{B918C014-4EBA-45AA-A3C4-7A277ABDF82A}.AppStore|iPhoneSimulator.Build.0 = Release|Any CPU
		{B918C014-4EBA-45AA-A3C4-7A277ABDF82A}.AppStore|iPhoneSimulator.Deploy.0 = Release|Any CPU
		{B918C014-4EBA-45AA-A3C4-7A277ABDF82A}.AppStore|x64.ActiveCfg = Release|Any CPU
		{B918C014-4EBA-45AA-A3C4-7A277ABDF82A}.AppStore|x64.Build.0 = Release|Any CPU
		{B918C014-4EBA-45AA-A3C4-7A277ABDF82A}.AppStore|x64.Deploy.0 = Release|Any CPU
		{B918C014-4EBA-45AA-A3C4-7A277ABDF82A}.AppStore|x86.ActiveCfg = Release|Any CPU
		{B918C014-4EBA-45AA-A3C4-7A277ABDF82A}.AppStore|x86.Build.0 = Release|Any CPU
		{B918C014-4EBA-45AA-A3C4-7A277ABDF82A}.AppStore|x86.Deploy.0 = Release|Any CPU
		{B918C014-4EBA-45AA-A3C4-7A277ABDF82A}.Debug|Any CPU.ActiveCfg = Debug|Any CPU
		{B918C014-4EBA-45AA-A3C4-7A277ABDF82A}.Debug|Any CPU.Build.0 = Debug|Any CPU
		{B918C014-4EBA-45AA-A3C4-7A277ABDF82A}.Debug|Any CPU.Deploy.0 = Debug|Any CPU
		{B918C014-4EBA-45AA-A3C4-7A277ABDF82A}.Debug|ARM.ActiveCfg = Debug|Any CPU
		{B918C014-4EBA-45AA-A3C4-7A277ABDF82A}.Debug|ARM.Build.0 = Debug|Any CPU
		{B918C014-4EBA-45AA-A3C4-7A277ABDF82A}.Debug|ARM.Deploy.0 = Debug|Any CPU
		{B918C014-4EBA-45AA-A3C4-7A277ABDF82A}.Debug|iPhone.ActiveCfg = Debug|Any CPU
		{B918C014-4EBA-45AA-A3C4-7A277ABDF82A}.Debug|iPhone.Build.0 = Debug|Any CPU
		{B918C014-4EBA-45AA-A3C4-7A277ABDF82A}.Debug|iPhone.Deploy.0 = Debug|Any CPU
		{B918C014-4EBA-45AA-A3C4-7A277ABDF82A}.Debug|iPhoneSimulator.ActiveCfg = Debug|Any CPU
		{B918C014-4EBA-45AA-A3C4-7A277ABDF82A}.Debug|iPhoneSimulator.Build.0 = Debug|Any CPU
		{B918C014-4EBA-45AA-A3C4-7A277ABDF82A}.Debug|iPhoneSimulator.Deploy.0 = Debug|Any CPU
		{B918C014-4EBA-45AA-A3C4-7A277ABDF82A}.Debug|x64.ActiveCfg = Debug|Any CPU
		{B918C014-4EBA-45AA-A3C4-7A277ABDF82A}.Debug|x64.Build.0 = Debug|Any CPU
		{B918C014-4EBA-45AA-A3C4-7A277ABDF82A}.Debug|x64.Deploy.0 = Debug|Any CPU
		{B918C014-4EBA-45AA-A3C4-7A277ABDF82A}.Debug|x86.ActiveCfg = Debug|Any CPU
		{B918C014-4EBA-45AA-A3C4-7A277ABDF82A}.Debug|x86.Build.0 = Debug|Any CPU
		{B918C014-4EBA-45AA-A3C4-7A277ABDF82A}.Debug|x86.Deploy.0 = Debug|Any CPU
		{B918C014-4EBA-45AA-A3C4-7A277ABDF82A}.Release|Any CPU.ActiveCfg = Release|Any CPU
		{B918C014-4EBA-45AA-A3C4-7A277ABDF82A}.Release|Any CPU.Build.0 = Release|Any CPU
		{B918C014-4EBA-45AA-A3C4-7A277ABDF82A}.Release|Any CPU.Deploy.0 = Release|Any CPU
		{B918C014-4EBA-45AA-A3C4-7A277ABDF82A}.Release|ARM.ActiveCfg = Release|Any CPU
		{B918C014-4EBA-45AA-A3C4-7A277ABDF82A}.Release|ARM.Build.0 = Release|Any CPU
		{B918C014-4EBA-45AA-A3C4-7A277ABDF82A}.Release|ARM.Deploy.0 = Release|Any CPU
		{B918C014-4EBA-45AA-A3C4-7A277ABDF82A}.Release|iPhone.ActiveCfg = Release|Any CPU
		{B918C014-4EBA-45AA-A3C4-7A277ABDF82A}.Release|iPhone.Build.0 = Release|Any CPU
		{B918C014-4EBA-45AA-A3C4-7A277ABDF82A}.Release|iPhone.Deploy.0 = Release|Any CPU
		{B918C014-4EBA-45AA-A3C4-7A277ABDF82A}.Release|iPhoneSimulator.ActiveCfg = Release|Any CPU
		{B918C014-4EBA-45AA-A3C4-7A277ABDF82A}.Release|iPhoneSimulator.Build.0 = Release|Any CPU
		{B918C014-4EBA-45AA-A3C4-7A277ABDF82A}.Release|iPhoneSimulator.Deploy.0 = Release|Any CPU
		{B918C014-4EBA-45AA-A3C4-7A277ABDF82A}.Release|x64.ActiveCfg = Release|Any CPU
		{B918C014-4EBA-45AA-A3C4-7A277ABDF82A}.Release|x64.Build.0 = Release|Any CPU
		{B918C014-4EBA-45AA-A3C4-7A277ABDF82A}.Release|x64.Deploy.0 = Release|Any CPU
		{B918C014-4EBA-45AA-A3C4-7A277ABDF82A}.Release|x86.ActiveCfg = Release|Any CPU
		{B918C014-4EBA-45AA-A3C4-7A277ABDF82A}.Release|x86.Build.0 = Release|Any CPU
		{B918C014-4EBA-45AA-A3C4-7A277ABDF82A}.Release|x86.Deploy.0 = Release|Any CPU
		{679F0FBB-44D7-4792-AB5B-C53075D806BA}.Ad-Hoc|Any CPU.ActiveCfg = Release|x64
		{679F0FBB-44D7-4792-AB5B-C53075D806BA}.Ad-Hoc|Any CPU.Build.0 = Release|x64
		{679F0FBB-44D7-4792-AB5B-C53075D806BA}.Ad-Hoc|Any CPU.Deploy.0 = Release|x64
		{679F0FBB-44D7-4792-AB5B-C53075D806BA}.Ad-Hoc|ARM.ActiveCfg = Release|ARM
		{679F0FBB-44D7-4792-AB5B-C53075D806BA}.Ad-Hoc|ARM.Build.0 = Release|ARM
		{679F0FBB-44D7-4792-AB5B-C53075D806BA}.Ad-Hoc|ARM.Deploy.0 = Release|ARM
		{679F0FBB-44D7-4792-AB5B-C53075D806BA}.Ad-Hoc|iPhone.ActiveCfg = Release|x64
		{679F0FBB-44D7-4792-AB5B-C53075D806BA}.Ad-Hoc|iPhone.Build.0 = Release|x64
		{679F0FBB-44D7-4792-AB5B-C53075D806BA}.Ad-Hoc|iPhone.Deploy.0 = Release|x64
		{679F0FBB-44D7-4792-AB5B-C53075D806BA}.Ad-Hoc|iPhoneSimulator.ActiveCfg = Release|x64
		{679F0FBB-44D7-4792-AB5B-C53075D806BA}.Ad-Hoc|iPhoneSimulator.Build.0 = Release|x64
		{679F0FBB-44D7-4792-AB5B-C53075D806BA}.Ad-Hoc|iPhoneSimulator.Deploy.0 = Release|x64
		{679F0FBB-44D7-4792-AB5B-C53075D806BA}.Ad-Hoc|x64.ActiveCfg = Release|x64
		{679F0FBB-44D7-4792-AB5B-C53075D806BA}.Ad-Hoc|x64.Build.0 = Release|x64
		{679F0FBB-44D7-4792-AB5B-C53075D806BA}.Ad-Hoc|x64.Deploy.0 = Release|x64
		{679F0FBB-44D7-4792-AB5B-C53075D806BA}.Ad-Hoc|x86.ActiveCfg = Release|x86
		{679F0FBB-44D7-4792-AB5B-C53075D806BA}.Ad-Hoc|x86.Build.0 = Release|x86
		{679F0FBB-44D7-4792-AB5B-C53075D806BA}.Ad-Hoc|x86.Deploy.0 = Release|x86
		{679F0FBB-44D7-4792-AB5B-C53075D806BA}.AppStore|Any CPU.ActiveCfg = Release|x64
		{679F0FBB-44D7-4792-AB5B-C53075D806BA}.AppStore|Any CPU.Build.0 = Release|x64
		{679F0FBB-44D7-4792-AB5B-C53075D806BA}.AppStore|Any CPU.Deploy.0 = Release|x64
		{679F0FBB-44D7-4792-AB5B-C53075D806BA}.AppStore|ARM.ActiveCfg = Release|ARM
		{679F0FBB-44D7-4792-AB5B-C53075D806BA}.AppStore|ARM.Build.0 = Release|ARM
		{679F0FBB-44D7-4792-AB5B-C53075D806BA}.AppStore|ARM.Deploy.0 = Release|ARM
		{679F0FBB-44D7-4792-AB5B-C53075D806BA}.AppStore|iPhone.ActiveCfg = Release|x64
		{679F0FBB-44D7-4792-AB5B-C53075D806BA}.AppStore|iPhone.Build.0 = Release|x64
		{679F0FBB-44D7-4792-AB5B-C53075D806BA}.AppStore|iPhone.Deploy.0 = Release|x64
		{679F0FBB-44D7-4792-AB5B-C53075D806BA}.AppStore|iPhoneSimulator.ActiveCfg = Release|x64
		{679F0FBB-44D7-4792-AB5B-C53075D806BA}.AppStore|iPhoneSimulator.Build.0 = Release|x64
		{679F0FBB-44D7-4792-AB5B-C53075D806BA}.AppStore|iPhoneSimulator.Deploy.0 = Release|x64
		{679F0FBB-44D7-4792-AB5B-C53075D806BA}.AppStore|x64.ActiveCfg = Release|x64
		{679F0FBB-44D7-4792-AB5B-C53075D806BA}.AppStore|x64.Build.0 = Release|x64
		{679F0FBB-44D7-4792-AB5B-C53075D806BA}.AppStore|x64.Deploy.0 = Release|x64
		{679F0FBB-44D7-4792-AB5B-C53075D806BA}.AppStore|x86.ActiveCfg = Release|x86
		{679F0FBB-44D7-4792-AB5B-C53075D806BA}.AppStore|x86.Build.0 = Release|x86
		{679F0FBB-44D7-4792-AB5B-C53075D806BA}.AppStore|x86.Deploy.0 = Release|x86
		{679F0FBB-44D7-4792-AB5B-C53075D806BA}.Debug|Any CPU.ActiveCfg = Debug|x86
		{679F0FBB-44D7-4792-AB5B-C53075D806BA}.Debug|Any CPU.Build.0 = Debug|x86
		{679F0FBB-44D7-4792-AB5B-C53075D806BA}.Debug|Any CPU.Deploy.0 = Debug|x86
		{679F0FBB-44D7-4792-AB5B-C53075D806BA}.Debug|ARM.ActiveCfg = Debug|ARM
		{679F0FBB-44D7-4792-AB5B-C53075D806BA}.Debug|ARM.Build.0 = Debug|ARM
		{679F0FBB-44D7-4792-AB5B-C53075D806BA}.Debug|ARM.Deploy.0 = Debug|ARM
		{679F0FBB-44D7-4792-AB5B-C53075D806BA}.Debug|iPhone.ActiveCfg = Debug|x86
		{679F0FBB-44D7-4792-AB5B-C53075D806BA}.Debug|iPhoneSimulator.ActiveCfg = Debug|x86
		{679F0FBB-44D7-4792-AB5B-C53075D806BA}.Debug|x64.ActiveCfg = Debug|x64
		{679F0FBB-44D7-4792-AB5B-C53075D806BA}.Debug|x64.Build.0 = Debug|x64
		{679F0FBB-44D7-4792-AB5B-C53075D806BA}.Debug|x64.Deploy.0 = Debug|x64
		{679F0FBB-44D7-4792-AB5B-C53075D806BA}.Debug|x86.ActiveCfg = Debug|x86
		{679F0FBB-44D7-4792-AB5B-C53075D806BA}.Debug|x86.Build.0 = Debug|x86
		{679F0FBB-44D7-4792-AB5B-C53075D806BA}.Debug|x86.Deploy.0 = Debug|x86
		{679F0FBB-44D7-4792-AB5B-C53075D806BA}.Release|Any CPU.ActiveCfg = Release|x86
		{679F0FBB-44D7-4792-AB5B-C53075D806BA}.Release|ARM.ActiveCfg = Release|ARM
		{679F0FBB-44D7-4792-AB5B-C53075D806BA}.Release|ARM.Build.0 = Release|ARM
		{679F0FBB-44D7-4792-AB5B-C53075D806BA}.Release|ARM.Deploy.0 = Release|ARM
		{679F0FBB-44D7-4792-AB5B-C53075D806BA}.Release|iPhone.ActiveCfg = Release|x86
		{679F0FBB-44D7-4792-AB5B-C53075D806BA}.Release|iPhoneSimulator.ActiveCfg = Release|x86
		{679F0FBB-44D7-4792-AB5B-C53075D806BA}.Release|x64.ActiveCfg = Release|x64
		{679F0FBB-44D7-4792-AB5B-C53075D806BA}.Release|x64.Build.0 = Release|x64
		{679F0FBB-44D7-4792-AB5B-C53075D806BA}.Release|x64.Deploy.0 = Release|x64
		{679F0FBB-44D7-4792-AB5B-C53075D806BA}.Release|x86.ActiveCfg = Release|x86
		{679F0FBB-44D7-4792-AB5B-C53075D806BA}.Release|x86.Build.0 = Release|x86
		{679F0FBB-44D7-4792-AB5B-C53075D806BA}.Release|x86.Deploy.0 = Release|x86
		{54282DA5-DB3E-4917-8061-DDD8A0A2ABDE}.Ad-Hoc|Any CPU.ActiveCfg = Release|Any CPU
		{54282DA5-DB3E-4917-8061-DDD8A0A2ABDE}.Ad-Hoc|Any CPU.Build.0 = Release|Any CPU
		{54282DA5-DB3E-4917-8061-DDD8A0A2ABDE}.Ad-Hoc|ARM.ActiveCfg = Release|Any CPU
		{54282DA5-DB3E-4917-8061-DDD8A0A2ABDE}.Ad-Hoc|ARM.Build.0 = Release|Any CPU
		{54282DA5-DB3E-4917-8061-DDD8A0A2ABDE}.Ad-Hoc|iPhone.ActiveCfg = Release|Any CPU
		{54282DA5-DB3E-4917-8061-DDD8A0A2ABDE}.Ad-Hoc|iPhone.Build.0 = Release|Any CPU
		{54282DA5-DB3E-4917-8061-DDD8A0A2ABDE}.Ad-Hoc|iPhoneSimulator.ActiveCfg = Release|Any CPU
		{54282DA5-DB3E-4917-8061-DDD8A0A2ABDE}.Ad-Hoc|iPhoneSimulator.Build.0 = Release|Any CPU
		{54282DA5-DB3E-4917-8061-DDD8A0A2ABDE}.Ad-Hoc|x64.ActiveCfg = Release|Any CPU
		{54282DA5-DB3E-4917-8061-DDD8A0A2ABDE}.Ad-Hoc|x64.Build.0 = Release|Any CPU
		{54282DA5-DB3E-4917-8061-DDD8A0A2ABDE}.Ad-Hoc|x86.ActiveCfg = Release|Any CPU
		{54282DA5-DB3E-4917-8061-DDD8A0A2ABDE}.Ad-Hoc|x86.Build.0 = Release|Any CPU
		{54282DA5-DB3E-4917-8061-DDD8A0A2ABDE}.AppStore|Any CPU.ActiveCfg = Release|Any CPU
		{54282DA5-DB3E-4917-8061-DDD8A0A2ABDE}.AppStore|Any CPU.Build.0 = Release|Any CPU
		{54282DA5-DB3E-4917-8061-DDD8A0A2ABDE}.AppStore|ARM.ActiveCfg = Release|Any CPU
		{54282DA5-DB3E-4917-8061-DDD8A0A2ABDE}.AppStore|ARM.Build.0 = Release|Any CPU
		{54282DA5-DB3E-4917-8061-DDD8A0A2ABDE}.AppStore|iPhone.ActiveCfg = Release|Any CPU
		{54282DA5-DB3E-4917-8061-DDD8A0A2ABDE}.AppStore|iPhone.Build.0 = Release|Any CPU
		{54282DA5-DB3E-4917-8061-DDD8A0A2ABDE}.AppStore|iPhoneSimulator.ActiveCfg = Release|Any CPU
		{54282DA5-DB3E-4917-8061-DDD8A0A2ABDE}.AppStore|iPhoneSimulator.Build.0 = Release|Any CPU
		{54282DA5-DB3E-4917-8061-DDD8A0A2ABDE}.AppStore|x64.ActiveCfg = Release|Any CPU
		{54282DA5-DB3E-4917-8061-DDD8A0A2ABDE}.AppStore|x64.Build.0 = Release|Any CPU
		{54282DA5-DB3E-4917-8061-DDD8A0A2ABDE}.AppStore|x86.ActiveCfg = Release|Any CPU
		{54282DA5-DB3E-4917-8061-DDD8A0A2ABDE}.AppStore|x86.Build.0 = Release|Any CPU
		{54282DA5-DB3E-4917-8061-DDD8A0A2ABDE}.Debug|Any CPU.ActiveCfg = Debug|Any CPU
		{54282DA5-DB3E-4917-8061-DDD8A0A2ABDE}.Debug|Any CPU.Build.0 = Debug|Any CPU
		{54282DA5-DB3E-4917-8061-DDD8A0A2ABDE}.Debug|ARM.ActiveCfg = Debug|Any CPU
		{54282DA5-DB3E-4917-8061-DDD8A0A2ABDE}.Debug|ARM.Build.0 = Debug|Any CPU
		{54282DA5-DB3E-4917-8061-DDD8A0A2ABDE}.Debug|iPhone.ActiveCfg = Debug|Any CPU
		{54282DA5-DB3E-4917-8061-DDD8A0A2ABDE}.Debug|iPhone.Build.0 = Debug|Any CPU
		{54282DA5-DB3E-4917-8061-DDD8A0A2ABDE}.Debug|iPhoneSimulator.ActiveCfg = Debug|Any CPU
		{54282DA5-DB3E-4917-8061-DDD8A0A2ABDE}.Debug|iPhoneSimulator.Build.0 = Debug|Any CPU
		{54282DA5-DB3E-4917-8061-DDD8A0A2ABDE}.Debug|x64.ActiveCfg = Debug|Any CPU
		{54282DA5-DB3E-4917-8061-DDD8A0A2ABDE}.Debug|x64.Build.0 = Debug|Any CPU
		{54282DA5-DB3E-4917-8061-DDD8A0A2ABDE}.Debug|x86.ActiveCfg = Debug|Any CPU
		{54282DA5-DB3E-4917-8061-DDD8A0A2ABDE}.Debug|x86.Build.0 = Debug|Any CPU
		{54282DA5-DB3E-4917-8061-DDD8A0A2ABDE}.Release|Any CPU.ActiveCfg = Release|Any CPU
		{54282DA5-DB3E-4917-8061-DDD8A0A2ABDE}.Release|Any CPU.Build.0 = Release|Any CPU
		{54282DA5-DB3E-4917-8061-DDD8A0A2ABDE}.Release|ARM.ActiveCfg = Release|Any CPU
		{54282DA5-DB3E-4917-8061-DDD8A0A2ABDE}.Release|ARM.Build.0 = Release|Any CPU
		{54282DA5-DB3E-4917-8061-DDD8A0A2ABDE}.Release|iPhone.ActiveCfg = Release|Any CPU
		{54282DA5-DB3E-4917-8061-DDD8A0A2ABDE}.Release|iPhone.Build.0 = Release|Any CPU
		{54282DA5-DB3E-4917-8061-DDD8A0A2ABDE}.Release|iPhoneSimulator.ActiveCfg = Release|Any CPU
		{54282DA5-DB3E-4917-8061-DDD8A0A2ABDE}.Release|iPhoneSimulator.Build.0 = Release|Any CPU
		{54282DA5-DB3E-4917-8061-DDD8A0A2ABDE}.Release|x64.ActiveCfg = Release|Any CPU
		{54282DA5-DB3E-4917-8061-DDD8A0A2ABDE}.Release|x64.Build.0 = Release|Any CPU
		{54282DA5-DB3E-4917-8061-DDD8A0A2ABDE}.Release|x86.ActiveCfg = Release|Any CPU
		{54282DA5-DB3E-4917-8061-DDD8A0A2ABDE}.Release|x86.Build.0 = Release|Any CPU
		{F3E54A5A-7815-4EC7-BC26-FA2E3DB78652}.Ad-Hoc|Any CPU.ActiveCfg = Ad-Hoc|iPhone
		{F3E54A5A-7815-4EC7-BC26-FA2E3DB78652}.Ad-Hoc|ARM.ActiveCfg = Ad-Hoc|iPhone
		{F3E54A5A-7815-4EC7-BC26-FA2E3DB78652}.Ad-Hoc|iPhone.ActiveCfg = Ad-Hoc|iPhone
		{F3E54A5A-7815-4EC7-BC26-FA2E3DB78652}.Ad-Hoc|iPhone.Build.0 = Ad-Hoc|iPhone
		{F3E54A5A-7815-4EC7-BC26-FA2E3DB78652}.Ad-Hoc|iPhoneSimulator.ActiveCfg = Ad-Hoc|iPhoneSimulator
		{F3E54A5A-7815-4EC7-BC26-FA2E3DB78652}.Ad-Hoc|iPhoneSimulator.Build.0 = Ad-Hoc|iPhoneSimulator
		{F3E54A5A-7815-4EC7-BC26-FA2E3DB78652}.Ad-Hoc|x64.ActiveCfg = Ad-Hoc|iPhone
		{F3E54A5A-7815-4EC7-BC26-FA2E3DB78652}.Ad-Hoc|x86.ActiveCfg = Ad-Hoc|iPhone
		{F3E54A5A-7815-4EC7-BC26-FA2E3DB78652}.AppStore|Any CPU.ActiveCfg = AppStore|iPhone
		{F3E54A5A-7815-4EC7-BC26-FA2E3DB78652}.AppStore|ARM.ActiveCfg = AppStore|iPhone
		{F3E54A5A-7815-4EC7-BC26-FA2E3DB78652}.AppStore|iPhone.ActiveCfg = AppStore|iPhone
		{F3E54A5A-7815-4EC7-BC26-FA2E3DB78652}.AppStore|iPhone.Build.0 = AppStore|iPhone
		{F3E54A5A-7815-4EC7-BC26-FA2E3DB78652}.AppStore|iPhoneSimulator.ActiveCfg = AppStore|iPhoneSimulator
		{F3E54A5A-7815-4EC7-BC26-FA2E3DB78652}.AppStore|iPhoneSimulator.Build.0 = AppStore|iPhoneSimulator
		{F3E54A5A-7815-4EC7-BC26-FA2E3DB78652}.AppStore|x64.ActiveCfg = AppStore|iPhone
		{F3E54A5A-7815-4EC7-BC26-FA2E3DB78652}.AppStore|x86.ActiveCfg = AppStore|iPhone
		{F3E54A5A-7815-4EC7-BC26-FA2E3DB78652}.Debug|Any CPU.ActiveCfg = Debug|iPhone
		{F3E54A5A-7815-4EC7-BC26-FA2E3DB78652}.Debug|ARM.ActiveCfg = Debug|iPhone
		{F3E54A5A-7815-4EC7-BC26-FA2E3DB78652}.Debug|iPhone.ActiveCfg = Debug|iPhone
		{F3E54A5A-7815-4EC7-BC26-FA2E3DB78652}.Debug|iPhone.Build.0 = Debug|iPhone
		{F3E54A5A-7815-4EC7-BC26-FA2E3DB78652}.Debug|iPhoneSimulator.ActiveCfg = Debug|iPhoneSimulator
		{F3E54A5A-7815-4EC7-BC26-FA2E3DB78652}.Debug|iPhoneSimulator.Build.0 = Debug|iPhoneSimulator
		{F3E54A5A-7815-4EC7-BC26-FA2E3DB78652}.Debug|x64.ActiveCfg = Debug|iPhone
		{F3E54A5A-7815-4EC7-BC26-FA2E3DB78652}.Debug|x86.ActiveCfg = Debug|iPhone
		{F3E54A5A-7815-4EC7-BC26-FA2E3DB78652}.Release|Any CPU.ActiveCfg = Release|iPhone
		{F3E54A5A-7815-4EC7-BC26-FA2E3DB78652}.Release|ARM.ActiveCfg = Release|iPhone
		{F3E54A5A-7815-4EC7-BC26-FA2E3DB78652}.Release|iPhone.ActiveCfg = Release|iPhone
		{F3E54A5A-7815-4EC7-BC26-FA2E3DB78652}.Release|iPhone.Build.0 = Release|iPhone
		{F3E54A5A-7815-4EC7-BC26-FA2E3DB78652}.Release|iPhoneSimulator.ActiveCfg = Release|iPhoneSimulator
		{F3E54A5A-7815-4EC7-BC26-FA2E3DB78652}.Release|iPhoneSimulator.Build.0 = Release|iPhoneSimulator
		{F3E54A5A-7815-4EC7-BC26-FA2E3DB78652}.Release|x64.ActiveCfg = Release|iPhone
		{F3E54A5A-7815-4EC7-BC26-FA2E3DB78652}.Release|x86.ActiveCfg = Release|iPhone
	EndGlobalSection
	GlobalSection(SolutionProperties) = preSolution
		HideSolutionNode = FALSE
	EndGlobalSection
	GlobalSection(NestedProjects) = preSolution
		{54282DA5-DB3E-4917-8061-DDD8A0A2ABDE} = {148A66C7-1A83-49F5-B134-6E375666D1DC}
	EndGlobalSection
EndGlobal
